
Microsoft Visual Studio Solution File, Format Version 12.00
# Visual Studio 15
VisualStudioVersion = 15.0.28010.2048
MinimumVisualStudioVersion = 10.0.40219.1
Project("{FAE04EC0-301F-11D3-BF4B-00C04F79EFBC}") = "Vidly", "Vidly\Vidly.csproj", "{DB99A7BF-4F89-44EF-910F-F9567018B784}"
EndProject
Global
	GlobalSection(SolutionConfigurationPlatforms) = preSolution
		Debug|Any CPU = Debug|Any CPU
		Release|Any CPU = Release|Any CPU
	EndGlobalSection
	GlobalSection(ProjectConfigurationPlatforms) = postSolution
		{DB99A7BF-4F89-44EF-910F-F9567018B784}.Debug|Any CPU.ActiveCfg = Debug|Any CPU
		{DB99A7BF-4F89-44EF-910F-F9567018B784}.Debug|Any CPU.Build.0 = Debug|Any CPU
		{DB99A7BF-4F89-44EF-910F-F9567018B784}.Release|Any CPU.ActiveCfg = Release|Any CPU
		{DB99A7BF-4F89-44EF-910F-F9567018B784}.Release|Any CPU.Build.0 = Release|Any CPU
	EndGlobalSection
	GlobalSection(SolutionProperties) = preSolution
		HideSolutionNode = FALSE
	EndGlobalSection
	GlobalSection(ExtensibilityGlobals) = postSolution
		SolutionGuid = {CBF56709-7234-49D7-8F6C-1549D49B44E7}
	EndGlobalSection
EndGlobal
